Microsoft Visual Studio Solution File, Format Version 12.00
# Visual Studio 15
VisualStudioVersion = 15.0.28010.2036
MinimumVisualStudioVersion = 10.0.40219.1
Project("{FAE04EC0-301F-11D3-BF4B-00C04F79EFBC}") = "QLDJPFinder.iOS", "QLDJPFinder.iOS\QLDJPFinder.iOS.csproj", "{3A3D216F-E062-4D3D-A96E-9EDF48A136A0}"
EndProject
Project("{FAE04EC0-301F-11D3-BF4B-00C04F79EFBC}") = "QLDJPFinder.UI", "QLDJPFinder\QLDJPFinder.UI.csproj", "{4D70839D-C639-4D2D-A5BD-2002E4755EF6}"
EndProject
Project("{FAE04EC0-301F-11D3-BF4B-00C04F79EFBC}") = "QLDJPFinder.Core", "QLDJPFinder.Core\QLDJPFinder.Core.csproj", "{96909D0D-261B-4E2D-9970-2BF07DCEAB7F}"
EndProject
Project("{FAE04EC0-301F-11D3-BF4B-00C04F79EFBC}") = "QLDJPFinder.Tests", "QLDJPFinder.Tests\QLDJPFinder.Tests.csproj", "{1FF2A5E8-1440-4E7B-8C2A-B01D5A361DD8}"
EndProject
Project("{FAE04EC0-301F-11D3-BF4B-00C04F79EFBC}") = "QLDJPFinder.Lambda", "QLDJPFinder.Lambda\QLDJPFinder.Lambda.csproj", "{208730B0-AA28-4062-A3AD-5A8E6C3E575E}"
EndProject
Global
	GlobalSection(SolutionConfigurationPlatforms) = preSolution
		Ad-Hoc|Any CPU = Ad-Hoc|Any CPU
		Ad-Hoc|iPhone = Ad-Hoc|iPhone
		Ad-Hoc|iPhoneSimulator = Ad-Hoc|iPhoneSimulator
		AppStore|Any CPU = AppStore|Any CPU
		AppStore|iPhone = AppStore|iPhone
		AppStore|iPhoneSimulator = AppStore|iPhoneSimulator
		Debug|Any CPU = Debug|Any CPU
		Debug|iPhone = Debug|iPhone
		Debug|iPhoneSimulator = Debug|iPhoneSimulator
		Release|Any CPU = Release|Any CPU
		Release|iPhone = Release|iPhone
		Release|iPhoneSimulator = Release|iPhoneSimulator
	EndGlobalSection
	GlobalSection(ProjectConfigurationPlatforms) = postSolution
		{3A3D216F-E062-4D3D-A96E-9EDF48A136A0}.Ad-Hoc|Any CPU.ActiveCfg = Ad-Hoc|iPhoneSimulator
		{3A3D216F-E062-4D3D-A96E-9EDF48A136A0}.Ad-Hoc|iPhone.ActiveCfg = Ad-Hoc|iPhone
		{3A3D216F-E062-4D3D-A96E-9EDF48A136A0}.Ad-Hoc|iPhone.Build.0 = Ad-Hoc|iPhone
		{3A3D216F-E062-4D3D-A96E-9EDF48A136A0}.Ad-Hoc|iPhoneSimulator.ActiveCfg = Ad-Hoc|iPhoneSimulator
		{3A3D216F-E062-4D3D-A96E-9EDF48A136A0}.Ad-Hoc|iPhoneSimulator.Build.0 = Ad-Hoc|iPhoneSimulator
		{3A3D216F-E062-4D3D-A96E-9EDF48A136A0}.AppStore|Any CPU.ActiveCfg = AppStore|iPhoneSimulator
		{3A3D216F-E062-4D3D-A96E-9EDF48A136A0}.AppStore|iPhone.ActiveCfg = AppStore|iPhone
		{3A3D216F-E062-4D3D-A96E-9EDF48A136A0}.AppStore|iPhone.Build.0 = AppStore|iPhone
		{3A3D216F-E062-4D3D-A96E-9EDF48A136A0}.AppStore|iPhoneSimulator.ActiveCfg = AppStore|iPhoneSimulator
		{3A3D216F-E062-4D3D-A96E-9EDF48A136A0}.AppStore|iPhoneSimulator.Build.0 = AppStore|iPhoneSimulator
		{3A3D216F-E062-4D3D-A96E-9EDF48A136A0}.Debug|Any CPU.ActiveCfg = Debug|iPhoneSimulator
		{3A3D216F-E062-4D3D-A96E-9EDF48A136A0}.Debug|Any CPU.Build.0 = Debug|iPhoneSimulator
		{3A3D216F-E062-4D3D-A96E-9EDF48A136A0}.Debug|iPhone.ActiveCfg = Debug|iPhone
		{3A3D216F-E062-4D3D-A96E-9EDF48A136A0}.Debug|iPhone.Build.0 = Debug|iPhone
		{3A3D216F-E062-4D3D-A96E-9EDF48A136A0}.Debug|iPhoneSimulator.ActiveCfg = Debug|iPhoneSimulator
		{3A3D216F-E062-4D3D-A96E-9EDF48A136A0}.Debug|iPhoneSimulator.Build.0 = Debug|iPhoneSimulator
		{3A3D216F-E062-4D3D-A96E-9EDF48A136A0}.Release|Any CPU.ActiveCfg = Release|iPhoneSimulator
		{3A3D216F-E062-4D3D-A96E-9EDF48A136A0}.Release|Any CPU.Build.0 = Release|iPhoneSimulator
		{3A3D216F-E062-4D3D-A96E-9EDF48A136A0}.Release|iPhone.ActiveCfg = Release|iPhone
		{3A3D216F-E062-4D3D-A96E-9EDF48A136A0}.Release|iPhone.Build.0 = Release|iPhone
		{3A3D216F-E062-4D3D-A96E-9EDF48A136A0}.Release|iPhoneSimulator.ActiveCfg = Release|iPhoneSimulator
		{3A3D216F-E062-4D3D-A96E-9EDF48A136A0}.Release|iPhoneSimulator.Build.0 = Release|iPhoneSimulator
		{4D70839D-C639-4D2D-A5BD-2002E4755EF6}.Ad-Hoc|Any CPU.ActiveCfg = Release|Any CPU
		{4D70839D-C639-4D2D-A5BD-2002E4755EF6}.Ad-Hoc|Any CPU.Build.0 = Release|Any CPU
		{4D70839D-C639-4D2D-A5BD-2002E4755EF6}.Ad-Hoc|iPhone.ActiveCfg = Debug|Any CPU
		{4D70839D-C639-4D2D-A5BD-2002E4755EF6}.Ad-Hoc|iPhone.Build.0 = Debug|Any CPU
		{4D70839D-C639-4D2D-A5BD-2002E4755EF6}.Ad-Hoc|iPhoneSimulator.ActiveCfg = Release|Any CPU
		{4D70839D-C639-4D2D-A5BD-2002E4755EF6}.Ad-Hoc|iPhoneSimulator.Build.0 = Release|Any CPU
		{4D70839D-C639-4D2D-A5BD-2002E4755EF6}.AppStore|Any CPU.ActiveCfg = Release|Any CPU
		{4D70839D-C639-4D2D-A5BD-2002E4755EF6}.AppStore|Any CPU.Build.0 = Release|Any CPU
		{4D70839D-C639-4D2D-A5BD-2002E4755EF6}.AppStore|iPhone.ActiveCfg = Debug|Any CPU
		{4D70839D-C639-4D2D-A5BD-2002E4755EF6}.AppStore|iPhone.Build.0 = Debug|Any CPU
		{4D70839D-C639-4D2D-A5BD-2002E4755EF6}.AppStore|iPhoneSimulator.ActiveCfg = Release|Any CPU
		{4D70839D-C639-4D2D-A5BD-2002E4755EF6}.AppStore|iPhoneSimulator.Build.0 = Release|Any CPU
		{4D70839D-C639-4D2D-A5BD-2002E4755EF6}.Debug|Any CPU.ActiveCfg = Debug|Any CPU
		{4D70839D-C639-4D2D-A5BD-2002E4755EF6}.Debug|Any CPU.Build.0 = Debug|Any CPU
		{4D70839D-C639-4D2D-A5BD-2002E4755EF6}.Debug|iPhone.ActiveCfg = Debug|Any CPU
		{4D70839D-C639-4D2D-A5BD-2002E4755EF6}.Debug|iPhone.Build.0 = Debug|Any CPU
		{4D70839D-C639-4D2D-A5BD-2002E4755EF6}.Debug|iPhoneSimulator.ActiveCfg = Debug|Any CPU
		{4D70839D-C639-4D2D-A5BD-2002E4755EF6}.Debug|iPhoneSimulator.Build.0 = Debug|Any CPU
		{4D70839D-C639-4D2D-A5BD-2002E4755EF6}.Release|Any CPU.ActiveCfg = Release|Any CPU
		{4D70839D-C639-4D2D-A5BD-2002E4755EF6}.Release|Any CPU.Build.0 = Release|Any CPU
		{4D70839D-C639-4D2D-A5BD-2002E4755EF6}.Release|iPhone.ActiveCfg = Release|Any CPU
		{4D70839D-C639-4D2D-A5BD-2002E4755EF6}.Release|iPhone.Build.0 = Release|Any CPU
		{4D70839D-C639-4D2D-A5BD-2002E4755EF6}.Release|iPhoneSimulator.ActiveCfg = Release|Any CPU
		{4D70839D-C639-4D2D-A5BD-2002E4755EF6}.Release|iPhoneSimulator.Build.0 = Release|Any CPU
		{96909D0D-261B-4E2D-9970-2BF07DCEAB7F}.Ad-Hoc|Any CPU.ActiveCfg = Debug|Any CPU
		{96909D0D-261B-4E2D-9970-2BF07DCEAB7F}.Ad-Hoc|Any CPU.Build.0 = Debug|Any CPU
		{96909D0D-261B-4E2D-9970-2BF07DCEAB7F}.Ad-Hoc|iPhone.ActiveCfg = Release|Any CPU
		{96909D0D-261B-4E2D-9970-2BF07DCEAB7F}.Ad-Hoc|iPhone.Build.0 = Release|Any CPU
		{96909D0D-261B-4E2D-9970-2BF07DCEAB7F}.Ad-Hoc|iPhoneSimulator.ActiveCfg = Debug|Any CPU
		{96909D0D-261B-4E2D-9970-2BF07DCEAB7F}.Ad-Hoc|iPhoneSimulator.Build.0 = Debug|Any CPU
		{96909D0D-261B-4E2D-9970-2BF07DCEAB7F}.AppStore|Any CPU.ActiveCfg = Debug|Any CPU
		{96909D0D-261B-4E2D-9970-2BF07DCEAB7F}.AppStore|Any CPU.Build.0 = Debug|Any CPU
		{96909D0D-261B-4E2D-9970-2BF07DCEAB7F}.AppStore|iPhone.ActiveCfg = Release|Any CPU
		{96909D0D-261B-4E2D-9970-2BF07DCEAB7F}.AppStore|iPhone.Build.0 = Release|Any CPU
		{96909D0D-261B-4E2D-9970-2BF07DCEAB7F}.AppStore|iPhoneSimulator.ActiveCfg = Debug|Any CPU
		{96909D0D-261B-4E2D-9970-2BF07DCEAB7F}.AppStore|iPhoneSimulator.Build.0 = Debug|Any CPU
		{96909D0D-261B-4E2D-9970-2BF07DCEAB7F}.Debug|Any CPU.ActiveCfg = Debug|Any CPU
		{96909D0D-261B-4E2D-9970-2BF07DCEAB7F}.Debug|Any CPU.Build.0 = Debug|Any CPU
		{96909D0D-261B-4E2D-9970-2BF07DCEAB7F}.Debug|iPhone.ActiveCfg = Debug|Any CPU
		{96909D0D-261B-4E2D-9970-2BF07DCEAB7F}.Debug|iPhone.Build.0 = Debug|Any CPU
		{96909D0D-261B-4E2D-9970-2BF07DCEAB7F}.Debug|iPhoneSimulator.ActiveCfg = Debug|Any CPU
		{96909D0D-261B-4E2D-9970-2BF07DCEAB7F}.Debug|iPhoneSimulator.Build.0 = Debug|Any CPU
		{96909D0D-261B-4E2D-9970-2BF07DCEAB7F}.Release|Any CPU.ActiveCfg = Release|Any CPU
		{96909D0D-261B-4E2D-9970-2BF07DCEAB7F}.Release|Any CPU.Build.0 = Release|Any CPU
		{96909D0D-261B-4E2D-9970-2BF07DCEAB7F}.Release|iPhone.ActiveCfg = Release|Any CPU
		{96909D0D-261B-4E2D-9970-2BF07DCEAB7F}.Release|iPhone.Build.0 = Release|Any CPU
		{96909D0D-261B-4E2D-9970-2BF07DCEAB7F}.Release|iPhoneSimulator.ActiveCfg = Release|Any CPU
		{96909D0D-261B-4E2D-9970-2BF07DCEAB7F}.Release|iPhoneSimulator.Build.0 = Release|Any CPU
		{1FF2A5E8-1440-4E7B-8C2A-B01D5A361DD8}.Ad-Hoc|Any CPU.ActiveCfg = Debug|Any CPU
		{1FF2A5E8-1440-4E7B-8C2A-B01D5A361DD8}.Ad-Hoc|Any CPU.Build.0 = Debug|Any CPU
		{1FF2A5E8-1440-4E7B-8C2A-B01D5A361DD8}.Ad-Hoc|iPhone.ActiveCfg = Release|Any CPU
		{1FF2A5E8-1440-4E7B-8C2A-B01D5A361DD8}.Ad-Hoc|iPhone.Build.0 = Release|Any CPU
		{1FF2A5E8-1440-4E7B-8C2A-B01D5A361DD8}.Ad-Hoc|iPhoneSimulator.ActiveCfg = Debug|Any CPU
		{1FF2A5E8-1440-4E7B-8C2A-B01D5A361DD8}.Ad-Hoc|iPhoneSimulator.Build.0 = Debug|Any CPU
		{1FF2A5E8-1440-4E7B-8C2A-B01D5A361DD8}.AppStore|Any CPU.ActiveCfg = Debug|Any CPU
		{1FF2A5E8-1440-4E7B-8C2A-B01D5A361DD8}.AppStore|Any CPU.Build.0 = Debug|Any CPU
		{1FF2A5E8-1440-4E7B-8C2A-B01D5A361DD8}.AppStore|iPhone.ActiveCfg = Release|Any CPU
		{1FF2A5E8-1440-4E7B-8C2A-B01D5A361DD8}.AppStore|iPhone.Build.0 = Release|Any CPU
		{1FF2A5E8-1440-4E7B-8C2A-B01D5A361DD8}.AppStore|iPhoneSimulator.ActiveCfg = Debug|Any CPU
		{1FF2A5E8-1440-4E7B-8C2A-B01D5A361DD8}.AppStore|iPhoneSimulator.Build.0 = Debug|Any CPU
		{1FF2A5E8-1440-4E7B-8C2A-B01D5A361DD8}.Debug|Any CPU.ActiveCfg = Debug|Any CPU
		{1FF2A5E8-1440-4E7B-8C2A-B01D5A361DD8}.Debug|Any CPU.Build.0 = Debug|Any CPU
		{1FF2A5E8-1440-4E7B-8C2A-B01D5A361DD8}.Debug|iPhone.ActiveCfg = Debug|Any CPU
		{1FF2A5E8-1440-4E7B-8C2A-B01D5A361DD8}.Debug|iPhone.Build.0 = Debug|Any CPU
		{1FF2A5E8-1440-4E7B-8C2A-B01D5A361DD8}.Debug|iPhoneSimulator.ActiveCfg = Debug|Any CPU
		{1FF2A5E8-1440-4E7B-8C2A-B01D5A361DD8}.Debug|iPhoneSimulator.Build.0 = Debug|Any CPU
		{1FF2A5E8-1440-4E7B-8C2A-B01D5A361DD8}.Release|Any CPU.ActiveCfg = Release|Any CPU
		{1FF2A5E8-1440-4E7B-8C2A-B01D5A361DD8}.Release|Any CPU.Build.0 = Release|Any CPU
		{1FF2A5E8-1440-4E7B-8C2A-B01D5A361DD8}.Release|iPhone.ActiveCfg = Release|Any CPU
		{1FF2A5E8-1440-4E7B-8C2A-B01D5A361DD8}.Release|iPhone.Build.0 = Release|Any CPU
		{1FF2A5E8-1440-4E7B-8C2A-B01D5A361DD8}.Release|iPhoneSimulator.ActiveCfg = Release|Any CPU
		{1FF2A5E8-1440-4E7B-8C2A-B01D5A361DD8}.Release|iPhoneSimulator.Build.0 = Release|Any CPU
		{208730B0-AA28-4062-A3AD-5A8E6C3E575E}.Ad-Hoc|Any CPU.ActiveCfg = Debug|Any CPU
		{208730B0-AA28-4062-A3AD-5A8E6C3E575E}.Ad-Hoc|Any CPU.Build.0 = Debug|Any CPU
		{208730B0-AA28-4062-A3AD-5A8E6C3E575E}.Ad-Hoc|iPhone.ActiveCfg = Debug|Any CPU
		{208730B0-AA28-4062-A3AD-5A8E6C3E575E}.Ad-Hoc|iPhone.Build.0 = Debug|Any CPU
		{208730B0-AA28-4062-A3AD-5A8E6C3E575E}.Ad-Hoc|iPhoneSimulator.ActiveCfg = Debug|Any CPU
		{208730B0-AA28-4062-A3AD-5A8E6C3E575E}.Ad-Hoc|iPhoneSimulator.Build.0 = Debug|Any CPU
		{208730B0-AA28-4062-A3AD-5A8E6C3E575E}.AppStore|Any CPU.ActiveCfg = Debug|Any CPU
		{208730B0-AA28-4062-A3AD-5A8E6C3E575E}.AppStore|Any CPU.Build.0 = Debug|Any CPU
		{208730B0-AA28-4062-A3AD-5A8E6C3E575E}.AppStore|iPhone.ActiveCfg = Debug|Any CPU
		{208730B0-AA28-4062-A3AD-5A8E6C3E575E}.AppStore|iPhone.Build.0 = Debug|Any CPU
		{208730B0-AA28-4062-A3AD-5A8E6C3E575E}.AppStore|iPhoneSimulator.ActiveCfg = Debug|Any CPU
		{208730B0-AA28-4062-A3AD-5A8E6C3E575E}.AppStore|iPhoneSimulator.Build.0 = Debug|Any CPU
		{208730B0-AA28-4062-A3AD-5A8E6C3E575E}.Debug|Any CPU.ActiveCfg = Debug|Any CPU
		{208730B0-AA28-4062-A3AD-5A8E6C3E575E}.Debug|Any CPU.Build.0 = Debug|Any CPU
		{208730B0-AA28-4062-A3AD-5A8E6C3E575E}.Debug|iPhone.ActiveCfg = Debug|Any CPU
		{208730B0-AA28-4062-A3AD-5A8E6C3E575E}.Debug|iPhone.Build.0 = Debug|Any CPU
		{208730B0-AA28-4062-A3AD-5A8E6C3E575E}.Debug|iPhoneSimulator.ActiveCfg = Debug|Any CPU
		{208730B0-AA28-4062-A3AD-5A8E6C3E575E}.Debug|iPhoneSimulator.Build.0 = Debug|Any CPU
		{208730B0-AA28-4062-A3AD-5A8E6C3E575E}.Release|Any CPU.ActiveCfg = Release|Any CPU
		{208730B0-AA28-4062-A3AD-5A8E6C3E575E}.Release|Any CPU.Build.0 = Release|Any CPU
		{208730B0-AA28-4062-A3AD-5A8E6C3E575E}.Release|iPhone.ActiveCfg = Release|Any CPU
		{208730B0-AA28-4062-A3AD-5A8E6C3E575E}.Release|iPhone.Build.0 = Release|Any CPU
		{208730B0-AA28-4062-A3AD-5A8E6C3E575E}.Release|iPhoneSimulator.ActiveCfg = Release|Any CPU
		{208730B0-AA28-4062-A3AD-5A8E6C3E575E}.Release|iPhoneSimulator.Build.0 = Release|Any CPU
	EndGlobalSection
	GlobalSection(SolutionProperties) = preSolution
		HideSolutionNode = FALSE
	EndGlobalSection
	GlobalSection(ExtensibilityGlobals) = postSolution
		SolutionGuid = {D543C456-B8D2-46DA-B6AD-0ACE0CC5F7A9}
	EndGlobalSection
EndGlobal
